// !$*UTF8*$!
{
	archiveVersion = 1;
	classes = {
	};
	objectVersion = 46;
	objects = {

/* Begin PBXBuildFile section */
		640C26AC1FD6ED5500ADEB99 /* Pizza.cpp in Sources */ = {isa = PBXBuildFile; fileRef = 640C26AA1FD6ED5500ADEB99 /* Pizza.cpp */; };
		640C26B81FDADC4F00ADEB99 /* InvalidDestinationException.cpp in Sources */ = {isa = PBXBuildFile; fileRef = 640C26B11FDADC4F00ADEB99 /* InvalidDestinationException.cpp */; };
		640C26B91FDADC4F00ADEB99 /* InvalidSizeException.cpp in Sources */ = {isa = PBXBuildFile; fileRef = 640C26B21FDADC4F00ADEB99 /* InvalidSizeException.cpp */; };
		640C26BA1FDADC4F00ADEB99 /* InvalidToppingException.cpp in Sources */ = {isa = PBXBuildFile; fileRef = 640C26B31FDADC4F00ADEB99 /* InvalidToppingException.cpp */; };
		640C26BB1FDADC4F00ADEB99 /* InvalidCrustException.cpp in Sources */ = {isa = PBXBuildFile; fileRef = 640C26B71FDADC4F00ADEB99 /* InvalidCrustException.cpp */; };
		640C26BE1FDC613100ADEB99 /* OrderService.cpp in Sources */ = {isa = PBXBuildFile; fileRef = 640C26BC1FDC613100ADEB99 /* OrderService.cpp */; };
		640C26C11FDC617D00ADEB99 /* OrderRepository.cpp in Sources */ = {isa = PBXBuildFile; fileRef = 640C26BF1FDC617D00ADEB99 /* OrderRepository.cpp */; };
		640C26C41FDEAD2200ADEB99 /* DeliveryPlace.cpp in Sources */ = {isa = PBXBuildFile; fileRef = 640C26C21FDEAD2200ADEB99 /* DeliveryPlace.cpp */; };
		640C26C71FDEB01D00ADEB99 /* DeliveryPlaceService.cpp in Sources */ = {isa = PBXBuildFile; fileRef = 640C26C51FDEB01D00ADEB99 /* DeliveryPlaceService.cpp */; };
		640C26CA1FDEB24400ADEB99 /* DeliveryPlaceRepository.cpp in Sources */ = {isa = PBXBuildFile; fileRef = 640C26C81FDEB24400ADEB99 /* DeliveryPlaceRepository.cpp */; };
		648446F51FD06DC400018D02 /* toppings.cpp in Sources */ = {isa = PBXBuildFile; fileRef = 648446F31FD06DC400018D02 /* toppings.cpp */; };
		E29EC8B01FCC3E4900C9F531 /* main.cpp in Sources */ = {isa = PBXBuildFile; fileRef = E29EC8AF1FCC3E4900C9F531 /* main.cpp */; };
		E29EC8E11FD0249500C9F531 /* mainui.cpp in Sources */ = {isa = PBXBuildFile; fileRef = E29EC8DF1FD0249500C9F531 /* mainui.cpp */; };
		E29EC8E41FD02CF100C9F531 /* umsjonui.cpp in Sources */ = {isa = PBXBuildFile; fileRef = E29EC8E21FD02CF100C9F531 /* umsjonui.cpp */; };
		E29EC8E71FD0355700C9F531 /* salaui.cpp in Sources */ = {isa = PBXBuildFile; fileRef = E29EC8E51FD0355700C9F531 /* salaui.cpp */; };
		E29EC8EA1FD041AD00C9F531 /* baksturui.cpp in Sources */ = {isa = PBXBuildFile; fileRef = E29EC8E81FD041AD00C9F531 /* baksturui.cpp */; };
		E29EC8ED1FD0423200C9F531 /* afhendingui.cpp in Sources */ = {isa = PBXBuildFile; fileRef = E29EC8EB1FD0423200C9F531 /* afhendingui.cpp */; };
		E2F06CE31FD96336001716ED /* PizzaService.cpp in Sources */ = {isa = PBXBuildFile; fileRef = E2F06CE11FD96336001716ED /* PizzaService.cpp */; };
		E2F06CE61FD96982001716ED /* PizzaRepository.cpp in Sources */ = {isa = PBXBuildFile; fileRef = E2F06CE41FD96982001716ED /* PizzaRepository.cpp */; };
		E2F06CE91FD992C3001716ED /* Order.cpp in Sources */ = {isa = PBXBuildFile; fileRef = E2F06CE71FD992C3001716ED /* Order.cpp */; };
		E2F06CEC1FD9ECC1001716ED /* InvalidSizeException.cpp in Sources */ = {isa = PBXBuildFile; fileRef = E2F06CEA1FD9ECC1001716ED /* InvalidSizeException.cpp */; };
		E2F06CEF1FD9F44A001716ED /* InvalidCrustException.cpp in Sources */ = {isa = PBXBuildFile; fileRef = E2F06CED1FD9F44A001716ED /* InvalidCrustException.cpp */; };
		E2F06CF21FDAA41A001716ED /* InvalidDestinationException.cpp in Sources */ = {isa = PBXBuildFile; fileRef = E2F06CF01FDAA41A001716ED /* InvalidDestinationException.cpp */; };
		E2F06CF51FDAAA83001716ED /* InvalidToppingException.cpp in Sources */ = {isa = PBXBuildFile; fileRef = E2F06CF31FDAAA83001716ED /* InvalidToppingException.cpp */; };
		E2F06CFE1FDDE07F001716ED /* Crust.cpp in Sources */ = {isa = PBXBuildFile; fileRef = E2F06CFC1FDDE07F001716ED /* Crust.cpp */; };
		E2F06D011FDDE279001716ED /* ToppingsRepository.cpp in Sources */ = {isa = PBXBuildFile; fileRef = E2F06CFF1FDDE279001716ED /* ToppingsRepository.cpp */; };
		E2F06D041FDE988B001716ED /* CrustService.cpp in Sources */ = {isa = PBXBuildFile; fileRef = E2F06D021FDE988B001716ED /* CrustService.cpp */; };
		E2F06D071FDE9905001716ED /* CrustRepository.cpp in Sources */ = {isa = PBXBuildFile; fileRef = E2F06D051FDE9905001716ED /* CrustRepository.cpp */; };
		E2F06D0A1FDEAD87001716ED /* Other.cpp in Sources */ = {isa = PBXBuildFile; fileRef = E2F06D081FDEAD87001716ED /* Other.cpp */; };
		E2F06D0D1FDEAF06001716ED /* OtherService.cpp in Sources */ = {isa = PBXBuildFile; fileRef = E2F06D0B1FDEAF06001716ED /* OtherService.cpp */; };
		E2F06D101FDEB08F001716ED /* OtherRepository.cpp in Sources */ = {isa = PBXBuildFile; fileRef = E2F06D0E1FDEB08F001716ED /* OtherRepository.cpp */; };
/* End PBXBuildFile section */

/* Begin PBXCopyFilesBuildPhase section */
		E29EC8AA1FCC3E4900C9F531 /* CopyFiles */ = {
			isa = PBXCopyFilesBuildPhase;
			buildActionMask = 2147483647;
			dstPath = /usr/share/man/man1/;
			dstSubfolderSpec = 0;
			files = (
			);
			runOnlyForDeploymentPostprocessing = 1;
		};
/* End PBXCopyFilesBuildPhase section */

/* Begin PBXFileReference section */
		640C26AA1FD6ED5500ADEB99 /* Pizza.cpp */ = {isa = PBXFileReference; lastKnownFileType = sourcecode.cpp.cpp; path = Pizza.cpp; sourceTree = "<group>"; };
		640C26AB1FD6ED5500ADEB99 /* Pizza.hpp */ = {isa = PBXFileReference; lastKnownFileType = sourcecode.cpp.h; path = Pizza.hpp; sourceTree = "<group>"; };
		640C26B01FDADC4F00ADEB99 /* InvalidToppingException.h */ = {isa = PBXFileReference; fileEncoding = 4; lastKnownFileType = sourcecode.c.h; name = InvalidToppingException.h; path = "main assignment/Models/InvalidToppingException.h"; sourceTree = SOURCE_ROOT; };
		640C26B11FDADC4F00ADEB99 /* InvalidDestinationException.cpp */ = {isa = PBXFileReference; fileEncoding = 4; lastKnownFileType = sourcecode.cpp.cpp; name = InvalidDestinationException.cpp; path = "main assignment/Models/InvalidDestinationException.cpp"; sourceTree = SOURCE_ROOT; };
		640C26B21FDADC4F00ADEB99 /* InvalidSizeException.cpp */ = {isa = PBXFileReference; fileEncoding = 4; lastKnownFileType = sourcecode.cpp.cpp; name = InvalidSizeException.cpp; path = "main assignment/Models/InvalidSizeException.cpp"; sourceTree = SOURCE_ROOT; };
		640C26B31FDADC4F00ADEB99 /* InvalidToppingException.cpp */ = {isa = PBXFileReference; fileEncoding = 4; lastKnownFileType = sourcecode.cpp.cpp; name = InvalidToppingException.cpp; path = "main assignment/Models/InvalidToppingException.cpp"; sourceTree = SOURCE_ROOT; };
		640C26B41FDADC4F00ADEB99 /* InvalidCrustException.h */ = {isa = PBXFileReference; fileEncoding = 4; lastKnownFileType = sourcecode.c.h; name = InvalidCrustException.h; path = "main assignment/Models/InvalidCrustException.h"; sourceTree = SOURCE_ROOT; };
		640C26B51FDADC4F00ADEB99 /* InvalidSizeException.h */ = {isa = PBXFileReference; fileEncoding = 4; lastKnownFileType = sourcecode.c.h; name = InvalidSizeException.h; path = "main assignment/Models/InvalidSizeException.h"; sourceTree = SOURCE_ROOT; };
		640C26B61FDADC4F00ADEB99 /* InvalidDestinationException.h */ = {isa = PBXFileReference; fileEncoding = 4; lastKnownFileType = sourcecode.c.h; name = InvalidDestinationException.h; path = "main assignment/Models/InvalidDestinationException.h"; sourceTree = SOURCE_ROOT; };
		640C26B71FDADC4F00ADEB99 /* InvalidCrustException.cpp */ = {isa = PBXFileReference; fileEncoding = 4; lastKnownFileType = sourcecode.cpp.cpp; name = InvalidCrustException.cpp; path = "main assignment/Models/InvalidCrustException.cpp"; sourceTree = SOURCE_ROOT; };
		640C26BC1FDC613100ADEB99 /* OrderService.cpp */ = {isa = PBXFileReference; lastKnownFileType = sourcecode.cpp.cpp; path = OrderService.cpp; sourceTree = "<group>"; };
		640C26BD1FDC613100ADEB99 /* OrderService.hpp */ = {isa = PBXFileReference; lastKnownFileType = sourcecode.cpp.h; path = OrderService.hpp; sourceTree = "<group>"; };
		640C26BF1FDC617D00ADEB99 /* OrderRepository.cpp */ = {isa = PBXFileReference; lastKnownFileType = sourcecode.cpp.cpp; path = OrderRepository.cpp; sourceTree = "<group>"; };
		640C26C01FDC617D00ADEB99 /* OrderRepository.hpp */ = {isa = PBXFileReference; lastKnownFileType = sourcecode.cpp.h; path = OrderRepository.hpp; sourceTree = "<group>"; };
		640C26C21FDEAD2200ADEB99 /* DeliveryPlace.cpp */ = {isa = PBXFileReference; lastKnownFileType = sourcecode.cpp.cpp; path = DeliveryPlace.cpp; sourceTree = "<group>"; };
		640C26C31FDEAD2200ADEB99 /* DeliveryPlace.hpp */ = {isa = PBXFileReference; lastKnownFileType = sourcecode.cpp.h; path = DeliveryPlace.hpp; sourceTree = "<group>"; };
		640C26C51FDEB01D00ADEB99 /* DeliveryPlaceService.cpp */ = {isa = PBXFileReference; lastKnownFileType = sourcecode.cpp.cpp; path = DeliveryPlaceService.cpp; sourceTree = "<group>"; };
		640C26C61FDEB01D00ADEB99 /* DeliveryPlaceService.hpp */ = {isa = PBXFileReference; lastKnownFileType = sourcecode.cpp.h; path = DeliveryPlaceService.hpp; sourceTree = "<group>"; };
		640C26C81FDEB24400ADEB99 /* DeliveryPlaceRepository.cpp */ = {isa = PBXFileReference; lastKnownFileType = sourcecode.cpp.cpp; path = DeliveryPlaceRepository.cpp; sourceTree = "<group>"; };
		640C26C91FDEB24400ADEB99 /* DeliveryPlaceRepository.hpp */ = {isa = PBXFileReference; lastKnownFileType = sourcecode.cpp.h; path = DeliveryPlaceRepository.hpp; sourceTree = "<group>"; };
		648446F31FD06DC400018D02 /* toppings.cpp */ = {isa = PBXFileReference; lastKnownFileType = sourcecode.cpp.cpp; path = toppings.cpp; sourceTree = "<group>"; };
		648446F41FD06DC400018D02 /* toppings.h */ = {isa = PBXFileReference; lastKnownFileType = sourcecode.c.h; path = toppings.h; sourceTree = "<group>"; };
		E29EC8AC1FCC3E4900C9F531 /* main assignment */ = {isa = PBXFileReference; explicitFileType = "compiled.mach-o.executable"; includeInIndex = 0; path = "main assignment"; sourceTree = BUILT_PRODUCTS_DIR; };
		E29EC8AF1FCC3E4900C9F531 /* main.cpp */ = {isa = PBXFileReference; lastKnownFileType = sourcecode.cpp.cpp; path = main.cpp; sourceTree = "<group>"; };
		E29EC8DF1FD0249500C9F531 /* mainui.cpp */ = {isa = PBXFileReference; fileEncoding = 4; lastKnownFileType = sourcecode.cpp.cpp; path = mainui.cpp; sourceTree = "<group>"; };
		E29EC8E01FD0249500C9F531 /* mainui.h */ = {isa = PBXFileReference; fileEncoding = 4; lastKnownFileType = sourcecode.c.h; path = mainui.h; sourceTree = "<group>"; };
		E29EC8E21FD02CF100C9F531 /* umsjonui.cpp */ = {isa = PBXFileReference; fileEncoding = 4; lastKnownFileType = sourcecode.cpp.cpp; path = umsjonui.cpp; sourceTree = "<group>"; };
		E29EC8E31FD02CF100C9F531 /* umsjonui.h */ = {isa = PBXFileReference; fileEncoding = 4; lastKnownFileType = sourcecode.c.h; path = umsjonui.h; sourceTree = "<group>"; };
		E29EC8E51FD0355700C9F531 /* salaui.cpp */ = {isa = PBXFileReference; fileEncoding = 4; lastKnownFileType = sourcecode.cpp.cpp; path = salaui.cpp; sourceTree = "<group>"; };
		E29EC8E61FD0355700C9F531 /* salaui.h */ = {isa = PBXFileReference; fileEncoding = 4; lastKnownFileType = sourcecode.c.h; path = salaui.h; sourceTree = "<group>"; };
		E29EC8E81FD041AD00C9F531 /* baksturui.cpp */ = {isa = PBXFileReference; fileEncoding = 4; lastKnownFileType = sourcecode.cpp.cpp; path = baksturui.cpp; sourceTree = "<group>"; };
		E29EC8E91FD041AD00C9F531 /* baksturui.h */ = {isa = PBXFileReference; fileEncoding = 4; lastKnownFileType = sourcecode.c.h; path = baksturui.h; sourceTree = "<group>"; };
		E29EC8EB1FD0423200C9F531 /* afhendingui.cpp */ = {isa = PBXFileReference; fileEncoding = 4; lastKnownFileType = sourcecode.cpp.cpp; path = afhendingui.cpp; sourceTree = "<group>"; };
		E29EC8EC1FD0423200C9F531 /* afhendingui.h */ = {isa = PBXFileReference; fileEncoding = 4; lastKnownFileType = sourcecode.c.h; path = afhendingui.h; sourceTree = "<group>"; };
		E2F06CE11FD96336001716ED /* PizzaService.cpp */ = {isa = PBXFileReference; fileEncoding = 4; lastKnownFileType = sourcecode.cpp.cpp; name = PizzaService.cpp; path = "main assignment/PizzaService.cpp"; sourceTree = SOURCE_ROOT; };
		E2F06CE21FD96336001716ED /* PizzaService.h */ = {isa = PBXFileReference; fileEncoding = 4; lastKnownFileType = sourcecode.c.h; name = PizzaService.h; path = "main assignment/PizzaService.h"; sourceTree = SOURCE_ROOT; };
		E2F06CE41FD96982001716ED /* PizzaRepository.cpp */ = {isa = PBXFileReference; fileEncoding = 4; lastKnownFileType = sourcecode.cpp.cpp; name = PizzaRepository.cpp; path = "main assignment/PizzaRepository.cpp"; sourceTree = SOURCE_ROOT; };
		E2F06CE51FD96982001716ED /* PizzaRepository.h */ = {isa = PBXFileReference; fileEncoding = 4; lastKnownFileType = sourcecode.c.h; name = PizzaRepository.h; path = "main assignment/PizzaRepository.h"; sourceTree = SOURCE_ROOT; };
		E2F06CE71FD992C3001716ED /* Order.cpp */ = {isa = PBXFileReference; fileEncoding = 4; lastKnownFileType = sourcecode.cpp.cpp; path = Order.cpp; sourceTree = "<group>"; };
		E2F06CE81FD992C3001716ED /* Order.h */ = {isa = PBXFileReference; fileEncoding = 4; lastKnownFileType = sourcecode.c.h; path = Order.h; sourceTree = "<group>"; };
		E2F06CEA1FD9ECC1001716ED /* InvalidSizeException.cpp */ = {isa = PBXFileReference; fileEncoding = 4; lastKnownFileType = sourcecode.cpp.cpp; name = InvalidSizeException.cpp; path = "main assignment/Models/InvalidSizeException.cpp"; sourceTree = SOURCE_ROOT; };
		E2F06CEB1FD9ECC1001716ED /* InvalidSizeException.h */ = {isa = PBXFileReference; fileEncoding = 4; lastKnownFileType = sourcecode.c.h; name = InvalidSizeException.h; path = "main assignment/Models/InvalidSizeException.h"; sourceTree = SOURCE_ROOT; };
		E2F06CED1FD9F44A001716ED /* InvalidCrustException.cpp */ = {isa = PBXFileReference; fileEncoding = 4; lastKnownFileType = sourcecode.cpp.cpp; name = InvalidCrustException.cpp; path = "main assignment/Models/InvalidCrustException.cpp"; sourceTree = SOURCE_ROOT; };
		E2F06CEE1FD9F44A001716ED /* InvalidCrustException.h */ = {isa = PBXFileReference; fileEncoding = 4; lastKnownFileType = sourcecode.c.h; name = InvalidCrustException.h; path = "main assignment/Models/InvalidCrustException.h"; sourceTree = SOURCE_ROOT; };
		E2F06CF01FDAA41A001716ED /* InvalidDestinationException.cpp */ = {isa = PBXFileReference; fileEncoding = 4; lastKnownFileType = sourcecode.cpp.cpp; name = InvalidDestinationException.cpp; path = "main assignment/Models/InvalidDestinationException.cpp"; sourceTree = SOURCE_ROOT; };
		E2F06CF11FDAA41A001716ED /* InvalidDestinationException.h */ = {isa = PBXFileReference; fileEncoding = 4; lastKnownFileType = sourcecode.c.h; name = InvalidDestinationException.h; path = "main assignment/Models/InvalidDestinationException.h"; sourceTree = SOURCE_ROOT; };
		E2F06CF31FDAAA83001716ED /* InvalidToppingException.cpp */ = {isa = PBXFileReference; fileEncoding = 4; lastKnownFileType = sourcecode.cpp.cpp; name = InvalidToppingException.cpp; path = "main assignment/Models/InvalidToppingException.cpp"; sourceTree = SOURCE_ROOT; };
		E2F06CF41FDAAA83001716ED /* InvalidToppingException.h */ = {isa = PBXFileReference; fileEncoding = 4; lastKnownFileType = sourcecode.c.h; name = InvalidToppingException.h; path = "main assignment/Models/InvalidToppingException.h"; sourceTree = SOURCE_ROOT; };
		E2F06CFC1FDDE07F001716ED /* Crust.cpp */ = {isa = PBXFileReference; fileEncoding = 4; lastKnownFileType = sourcecode.cpp.cpp; path = Crust.cpp; sourceTree = "<group>"; };
		E2F06CFD1FDDE07F001716ED /* Crust.h */ = {isa = PBXFileReference; fileEncoding = 4; lastKnownFileType = sourcecode.c.h; path = Crust.h; sourceTree = "<group>"; };
		E2F06CFF1FDDE279001716ED /* ToppingsRepository.cpp */ = {isa = PBXFileReference; fileEncoding = 4; lastKnownFileType = sourcecode.cpp.cpp; path = ToppingsRepository.cpp; sourceTree = "<group>"; };
		E2F06D001FDDE279001716ED /* ToppingsRepository.h */ = {isa = PBXFileReference; fileEncoding = 4; lastKnownFileType = sourcecode.c.h; path = ToppingsRepository.h; sourceTree = "<group>"; };
		E2F06D021FDE988B001716ED /* CrustService.cpp */ = {isa = PBXFileReference; fileEncoding = 4; lastKnownFileType = sourcecode.cpp.cpp; path = CrustService.cpp; sourceTree = "<group>"; };
		E2F06D031FDE988B001716ED /* CrustService.h */ = {isa = PBXFileReference; fileEncoding = 4; lastKnownFileType = sourcecode.c.h; path = CrustService.h; sourceTree = "<group>"; };
		E2F06D051FDE9905001716ED /* CrustRepository.cpp */ = {isa = PBXFileReference; fileEncoding = 4; lastKnownFileType = sourcecode.cpp.cpp; path = CrustRepository.cpp; sourceTree = "<group>"; };
		E2F06D061FDE9905001716ED /* CrustRepository.h */ = {isa = PBXFileReference; fileEncoding = 4; lastKnownFileType = sourcecode.c.h; path = CrustRepository.h; sourceTree = "<group>"; };
		E2F06D081FDEAD87001716ED /* Other.cpp */ = {isa = PBXFileReference; fileEncoding = 4; lastKnownFileType = sourcecode.cpp.cpp; path = Other.cpp; sourceTree = "<group>"; };
		E2F06D091FDEAD87001716ED /* Other.h */ = {isa = PBXFileReference; fileEncoding = 4; lastKnownFileType = sourcecode.c.h; path = Other.h; sourceTree = "<group>"; };
		E2F06D0B1FDEAF06001716ED /* OtherService.cpp */ = {isa = PBXFileReference; fileEncoding = 4; lastKnownFileType = sourcecode.cpp.cpp; path = OtherService.cpp; sourceTree = "<group>"; };
		E2F06D0C1FDEAF06001716ED /* OtherService.h */ = {isa = PBXFileReference; fileEncoding = 4; lastKnownFileType = sourcecode.c.h; path = OtherService.h; sourceTree = "<group>"; };
		E2F06D0E1FDEB08F001716ED /* OtherRepository.cpp */ = {isa = PBXFileReference; fileEncoding = 4; lastKnownFileType = sourcecode.cpp.cpp; path = OtherRepository.cpp; sourceTree = "<group>"; };
		E2F06D0F1FDEB08F001716ED /* OtherRepository.h */ = {isa = PBXFileReference; fileEncoding = 4; lastKnownFileType = sourcecode.c.h; path = OtherRepository.h; sourceTree = "<group>"; };
/* End PBXFileReference section */

/* Begin PBXFrameworksBuildPhase section */
		E29EC8A91FCC3E4900C9F531 /* Frameworks */ = {
			isa = PBXFrameworksBuildPhase;
			buildActionMask = 2147483647;
			files = (
			);
			runOnlyForDeploymentPostprocessing = 0;
		};
/* End PBXFrameworksBuildPhase section */

/* Begin PBXGroup section */
		640C26A81FD6EB0300ADEB99 /* UI */ = {
			isa = PBXGroup;
			children = (
				E29EC8DF1FD0249500C9F531 /* mainui.cpp */,
				E29EC8E01FD0249500C9F531 /* mainui.h */,
				E29EC8E21FD02CF100C9F531 /* umsjonui.cpp */,
				E29EC8E31FD02CF100C9F531 /* umsjonui.h */,
				E29EC8E51FD0355700C9F531 /* salaui.cpp */,
				E29EC8E61FD0355700C9F531 /* salaui.h */,
				E29EC8E81FD041AD00C9F531 /* baksturui.cpp */,
				E29EC8E91FD041AD00C9F531 /* baksturui.h */,
				E29EC8EB1FD0423200C9F531 /* afhendingui.cpp */,
				E29EC8EC1FD0423200C9F531 /* afhendingui.h */,
			);
			path = UI;
			sourceTree = "<group>";
		};
		640C26A91FD6EB1D00ADEB99 /* Models */ = {
			isa = PBXGroup;
			children = (
				648446F31FD06DC400018D02 /* toppings.cpp */,
				648446F41FD06DC400018D02 /* toppings.h */,
				640C26AA1FD6ED5500ADEB99 /* Pizza.cpp */,
				640C26AB1FD6ED5500ADEB99 /* Pizza.hpp */,
				E2F06CE71FD992C3001716ED /* Order.cpp */,
				E2F06CE81FD992C3001716ED /* Order.h */,
				E2F06CFC1FDDE07F001716ED /* Crust.cpp */,
				E2F06CFD1FDDE07F001716ED /* Crust.h */,
<<<<<<< HEAD
				E2F06D081FDEAD87001716ED /* Other.cpp */,
				E2F06D091FDEAD87001716ED /* Other.h */,
=======
				640C26C21FDEAD2200ADEB99 /* DeliveryPlace.cpp */,
				640C26C31FDEAD2200ADEB99 /* DeliveryPlace.hpp */,
>>>>>>> 25cdca5ceade5095392854af94d25a204610fd22
			);
			path = Models;
			sourceTree = "<group>";
		};
		640C26AD1FD822A300ADEB99 /* Services */ = {
			isa = PBXGroup;
			children = (
				E2F06CE11FD96336001716ED /* PizzaService.cpp */,
				640C26BC1FDC613100ADEB99 /* OrderService.cpp */,
				640C26BD1FDC613100ADEB99 /* OrderService.hpp */,
				E2F06CE21FD96336001716ED /* PizzaService.h */,
				E2F06D021FDE988B001716ED /* CrustService.cpp */,
				E2F06D031FDE988B001716ED /* CrustService.h */,
<<<<<<< HEAD
				E2F06D0B1FDEAF06001716ED /* OtherService.cpp */,
				E2F06D0C1FDEAF06001716ED /* OtherService.h */,
=======
				640C26C51FDEB01D00ADEB99 /* DeliveryPlaceService.cpp */,
				640C26C61FDEB01D00ADEB99 /* DeliveryPlaceService.hpp */,
>>>>>>> 25cdca5ceade5095392854af94d25a204610fd22
			);
			path = Services;
			sourceTree = "<group>";
		};
		640C26AE1FD822B600ADEB99 /* Repositories */ = {
			isa = PBXGroup;
			children = (
				E2F06CE41FD96982001716ED /* PizzaRepository.cpp */,
				E2F06CE51FD96982001716ED /* PizzaRepository.h */,
				640C26BF1FDC617D00ADEB99 /* OrderRepository.cpp */,
				640C26C01FDC617D00ADEB99 /* OrderRepository.hpp */,
				E2F06CFF1FDDE279001716ED /* ToppingsRepository.cpp */,
				E2F06D001FDDE279001716ED /* ToppingsRepository.h */,
				E2F06D051FDE9905001716ED /* CrustRepository.cpp */,
				E2F06D061FDE9905001716ED /* CrustRepository.h */,
<<<<<<< HEAD
				E2F06D0E1FDEB08F001716ED /* OtherRepository.cpp */,
				E2F06D0F1FDEB08F001716ED /* OtherRepository.h */,
=======
				640C26C81FDEB24400ADEB99 /* DeliveryPlaceRepository.cpp */,
				640C26C91FDEB24400ADEB99 /* DeliveryPlaceRepository.hpp */,
>>>>>>> 25cdca5ceade5095392854af94d25a204610fd22
			);
			path = Repositories;
			sourceTree = "<group>";
		};
		640C26AF1FD822DF00ADEB99 /* Exceptions */ = {
			isa = PBXGroup;
			children = (
				E2F06CEA1FD9ECC1001716ED /* InvalidSizeException.cpp */,
				E2F06CEB1FD9ECC1001716ED /* InvalidSizeException.h */,
				E2F06CED1FD9F44A001716ED /* InvalidCrustException.cpp */,
				E2F06CEE1FD9F44A001716ED /* InvalidCrustException.h */,
				E2F06CF01FDAA41A001716ED /* InvalidDestinationException.cpp */,
				E2F06CF11FDAA41A001716ED /* InvalidDestinationException.h */,
				E2F06CF31FDAAA83001716ED /* InvalidToppingException.cpp */,
				E2F06CF41FDAAA83001716ED /* InvalidToppingException.h */,
				640C26B71FDADC4F00ADEB99 /* InvalidCrustException.cpp */,
				640C26B41FDADC4F00ADEB99 /* InvalidCrustException.h */,
				640C26B11FDADC4F00ADEB99 /* InvalidDestinationException.cpp */,
				640C26B61FDADC4F00ADEB99 /* InvalidDestinationException.h */,
				640C26B21FDADC4F00ADEB99 /* InvalidSizeException.cpp */,
				640C26B51FDADC4F00ADEB99 /* InvalidSizeException.h */,
				640C26B31FDADC4F00ADEB99 /* InvalidToppingException.cpp */,
				640C26B01FDADC4F00ADEB99 /* InvalidToppingException.h */,
			);
			path = Exceptions;
			sourceTree = "<group>";
		};
		E29EC8A31FCC3E4900C9F531 = {
			isa = PBXGroup;
			children = (
				E29EC8AE1FCC3E4900C9F531 /* main assignment */,
				E29EC8AD1FCC3E4900C9F531 /* Products */,
			);
			sourceTree = "<group>";
		};
		E29EC8AD1FCC3E4900C9F531 /* Products */ = {
			isa = PBXGroup;
			children = (
				E29EC8AC1FCC3E4900C9F531 /* main assignment */,
			);
			name = Products;
			sourceTree = "<group>";
		};
		E29EC8AE1FCC3E4900C9F531 /* main assignment */ = {
			isa = PBXGroup;
			children = (
				E29EC8AF1FCC3E4900C9F531 /* main.cpp */,
				640C26AF1FD822DF00ADEB99 /* Exceptions */,
				640C26AE1FD822B600ADEB99 /* Repositories */,
				640C26AD1FD822A300ADEB99 /* Services */,
				640C26A81FD6EB0300ADEB99 /* UI */,
				640C26A91FD6EB1D00ADEB99 /* Models */,
			);
			path = "main assignment";
			sourceTree = "<group>";
		};
/* End PBXGroup section */

/* Begin PBXNativeTarget section */
		E29EC8AB1FCC3E4900C9F531 /* main assignment */ = {
			isa = PBXNativeTarget;
			buildConfigurationList = E29EC8B31FCC3E4900C9F531 /* Build configuration list for PBXNativeTarget "main assignment" */;
			buildPhases = (
				E29EC8A81FCC3E4900C9F531 /* Sources */,
				E29EC8A91FCC3E4900C9F531 /* Frameworks */,
				E29EC8AA1FCC3E4900C9F531 /* CopyFiles */,
			);
			buildRules = (
			);
			dependencies = (
			);
			name = "main assignment";
			productName = "main assignment";
			productReference = E29EC8AC1FCC3E4900C9F531 /* main assignment */;
			productType = "com.apple.product-type.tool";
		};
/* End PBXNativeTarget section */

/* Begin PBXProject section */
		E29EC8A41FCC3E4900C9F531 /* Project object */ = {
			isa = PBXProject;
			attributes = {
				LastUpgradeCheck = 0640;
				ORGANIZATIONNAME = Bloc;
				TargetAttributes = {
					E29EC8AB1FCC3E4900C9F531 = {
						CreatedOnToolsVersion = 6.4;
					};
				};
			};
			buildConfigurationList = E29EC8A71FCC3E4900C9F531 /* Build configuration list for PBXProject "main assignment" */;
			compatibilityVersion = "Xcode 3.2";
			developmentRegion = English;
			hasScannedForEncodings = 0;
			knownRegions = (
				en,
			);
			mainGroup = E29EC8A31FCC3E4900C9F531;
			productRefGroup = E29EC8AD1FCC3E4900C9F531 /* Products */;
			projectDirPath = "";
			projectRoot = "";
			targets = (
				E29EC8AB1FCC3E4900C9F531 /* main assignment */,
			);
		};
/* End PBXProject section */

/* Begin PBXSourcesBuildPhase section */
		E29EC8A81FCC3E4900C9F531 /* Sources */ = {
			isa = PBXSourcesBuildPhase;
			buildActionMask = 2147483647;
			files = (
				640C26BE1FDC613100ADEB99 /* OrderService.cpp in Sources */,
				E2F06CFE1FDDE07F001716ED /* Crust.cpp in Sources */,
				E2F06CE61FD96982001716ED /* PizzaRepository.cpp in Sources */,
				E2F06D041FDE988B001716ED /* CrustService.cpp in Sources */,
				640C26AC1FD6ED5500ADEB99 /* Pizza.cpp in Sources */,
				E2F06D0D1FDEAF06001716ED /* OtherService.cpp in Sources */,
				E2F06CE31FD96336001716ED /* PizzaService.cpp in Sources */,
				E29EC8E41FD02CF100C9F531 /* umsjonui.cpp in Sources */,
				E2F06CF21FDAA41A001716ED /* InvalidDestinationException.cpp in Sources */,
				640C26B81FDADC4F00ADEB99 /* InvalidDestinationException.cpp in Sources */,
				E29EC8EA1FD041AD00C9F531 /* baksturui.cpp in Sources */,
				640C26B91FDADC4F00ADEB99 /* InvalidSizeException.cpp in Sources */,
				E29EC8E11FD0249500C9F531 /* mainui.cpp in Sources */,
				E2F06CF51FDAAA83001716ED /* InvalidToppingException.cpp in Sources */,
				640C26CA1FDEB24400ADEB99 /* DeliveryPlaceRepository.cpp in Sources */,
				E2F06CEF1FD9F44A001716ED /* InvalidCrustException.cpp in Sources */,
				E29EC8E71FD0355700C9F531 /* salaui.cpp in Sources */,
				640C26C71FDEB01D00ADEB99 /* DeliveryPlaceService.cpp in Sources */,
				640C26C11FDC617D00ADEB99 /* OrderRepository.cpp in Sources */,
				E2F06D0A1FDEAD87001716ED /* Other.cpp in Sources */,
				E2F06D071FDE9905001716ED /* CrustRepository.cpp in Sources */,
				E29EC8ED1FD0423200C9F531 /* afhendingui.cpp in Sources */,
				E2F06CE91FD992C3001716ED /* Order.cpp in Sources */,
				648446F51FD06DC400018D02 /* toppings.cpp in Sources */,
				E2F06D101FDEB08F001716ED /* OtherRepository.cpp in Sources */,
				E2F06CEC1FD9ECC1001716ED /* InvalidSizeException.cpp in Sources */,
				E29EC8B01FCC3E4900C9F531 /* main.cpp in Sources */,
				E2F06D011FDDE279001716ED /* ToppingsRepository.cpp in Sources */,
				640C26BA1FDADC4F00ADEB99 /* InvalidToppingException.cpp in Sources */,
				640C26BB1FDADC4F00ADEB99 /* InvalidCrustException.cpp in Sources */,
				640C26C41FDEAD2200ADEB99 /* DeliveryPlace.cpp in Sources */,
			);
			runOnlyForDeploymentPostprocessing = 0;
		};
/* End PBXSourcesBuildPhase section */

/* Begin XCBuildConfiguration section */
		E29EC8B11FCC3E4900C9F531 /* Debug */ = {
			isa = XCBuildConfiguration;
			buildSettings = {
				ALWAYS_SEARCH_USER_PATHS = NO;
				CLANG_CXX_LANGUAGE_STANDARD = "gnu++0x";
				CLANG_CXX_LIBRARY = "libc++";
				CLANG_ENABLE_MODULES = YES;
				CLANG_ENABLE_OBJC_ARC = YES;
				CLANG_WARN_BOOL_CONVERSION = YES;
				CLANG_WARN_CONSTANT_CONVERSION = YES;
				CLANG_WARN_DIRECT_OBJC_ISA_USAGE = YES_ERROR;
				CLANG_WARN_EMPTY_BODY = YES;
				CLANG_WARN_ENUM_CONVERSION = YES;
				CLANG_WARN_INT_CONVERSION = YES;
				CLANG_WARN_OBJC_ROOT_CLASS = YES_ERROR;
				CLANG_WARN_UNREACHABLE_CODE = YES;
				CLANG_WARN__DUPLICATE_METHOD_MATCH = YES;
				COPY_PHASE_STRIP = NO;
				DEBUG_INFORMATION_FORMAT = dwarf;
				ENABLE_STRICT_OBJC_MSGSEND = YES;
				GCC_C_LANGUAGE_STANDARD = gnu99;
				GCC_DYNAMIC_NO_PIC = NO;
				GCC_NO_COMMON_BLOCKS = YES;
				GCC_OPTIMIZATION_LEVEL = 0;
				GCC_PREPROCESSOR_DEFINITIONS = (
					"DEBUG=1",
					"$(inherited)",
				);
				GCC_SYMBOLS_PRIVATE_EXTERN = NO;
				GCC_WARN_64_TO_32_BIT_CONVERSION = YES;
				GCC_WARN_ABOUT_RETURN_TYPE = YES_ERROR;
				GCC_WARN_UNDECLARED_SELECTOR = YES;
				GCC_WARN_UNINITIALIZED_AUTOS = YES_AGGRESSIVE;
				GCC_WARN_UNUSED_FUNCTION = YES;
				GCC_WARN_UNUSED_VARIABLE = YES;
				MACOSX_DEPLOYMENT_TARGET = 10.10;
				MTL_ENABLE_DEBUG_INFO = YES;
				ONLY_ACTIVE_ARCH = YES;
				SDKROOT = macosx;
			};
			name = Debug;
		};
		E29EC8B21FCC3E4900C9F531 /* Release */ = {
			isa = XCBuildConfiguration;
			buildSettings = {
				ALWAYS_SEARCH_USER_PATHS = NO;
				CLANG_CXX_LANGUAGE_STANDARD = "gnu++0x";
				CLANG_CXX_LIBRARY = "libc++";
				CLANG_ENABLE_MODULES = YES;
				CLANG_ENABLE_OBJC_ARC = YES;
				CLANG_WARN_BOOL_CONVERSION = YES;
				CLANG_WARN_CONSTANT_CONVERSION = YES;
				CLANG_WARN_DIRECT_OBJC_ISA_USAGE = YES_ERROR;
				CLANG_WARN_EMPTY_BODY = YES;
				CLANG_WARN_ENUM_CONVERSION = YES;
				CLANG_WARN_INT_CONVERSION = YES;
				CLANG_WARN_OBJC_ROOT_CLASS = YES_ERROR;
				CLANG_WARN_UNREACHABLE_CODE = YES;
				CLANG_WARN__DUPLICATE_METHOD_MATCH = YES;
				COPY_PHASE_STRIP = NO;
				DEBUG_INFORMATION_FORMAT = "dwarf-with-dsym";
				ENABLE_NS_ASSERTIONS = NO;
				ENABLE_STRICT_OBJC_MSGSEND = YES;
				GCC_C_LANGUAGE_STANDARD = gnu99;
				GCC_NO_COMMON_BLOCKS = YES;
				GCC_WARN_64_TO_32_BIT_CONVERSION = YES;
				GCC_WARN_ABOUT_RETURN_TYPE = YES_ERROR;
				GCC_WARN_UNDECLARED_SELECTOR = YES;
				GCC_WARN_UNINITIALIZED_AUTOS = YES_AGGRESSIVE;
				GCC_WARN_UNUSED_FUNCTION = YES;
				GCC_WARN_UNUSED_VARIABLE = YES;
				MACOSX_DEPLOYMENT_TARGET = 10.10;
				MTL_ENABLE_DEBUG_INFO = NO;
				SDKROOT = macosx;
			};
			name = Release;
		};
		E29EC8B41FCC3E4900C9F531 /* Debug */ = {
			isa = XCBuildConfiguration;
			buildSettings = {
				PRODUCT_NAME = "$(TARGET_NAME)";
			};
			name = Debug;
		};
		E29EC8B51FCC3E4900C9F531 /* Release */ = {
			isa = XCBuildConfiguration;
			buildSettings = {
				PRODUCT_NAME = "$(TARGET_NAME)";
			};
			name = Release;
		};
/* End XCBuildConfiguration section */

/* Begin XCConfigurationList section */
		E29EC8A71FCC3E4900C9F531 /* Build configuration list for PBXProject "main assignment" */ = {
			isa = XCConfigurationList;
			buildConfigurations = (
				E29EC8B11FCC3E4900C9F531 /* Debug */,
				E29EC8B21FCC3E4900C9F531 /* Release */,
			);
			defaultConfigurationIsVisible = 0;
			defaultConfigurationName = Release;
		};
		E29EC8B31FCC3E4900C9F531 /* Build configuration list for PBXNativeTarget "main assignment" */ = {
			isa = XCConfigurationList;
			buildConfigurations = (
				E29EC8B41FCC3E4900C9F531 /* Debug */,
				E29EC8B51FCC3E4900C9F531 /* Release */,
			);
			defaultConfigurationIsVisible = 0;
			defaultConfigurationName = Release;
		};
/* End XCConfigurationList section */
	};
	rootObject = E29EC8A41FCC3E4900C9F531 /* Project object */;
}
